
Microsoft Visual Studio Solution File, Format Version 12.00
# Visual Studio 2013
VisualStudioVersion = 12.0.31101.0
MinimumVisualStudioVersion = 10.0.40219.1
Project("{FAE04EC0-301F-11D3-BF4B-00C04F79EFBC}") = "Demo.Javascript.Template.Hogan", "Demo.Javascript.Template.Hogan\Demo.Javascript.Template.Hogan.csproj", "{5D4F1449-B43D-400F-ADC9-2E4386060492}"
EndProject
Project("{FAE04EC0-301F-11D3-BF4B-00C04F79EFBC}") = "Demo.Javascript.AngularJs.AngularUIGrid", "Demo.Javascript.AngularJs.AngularUIGrid\Demo.Javascript.AngularJs.AngularUIGrid.csproj", "{6207BD5E-4460-405E-8846-EA1C9371E80C}"
EndProject
Project("{FAE04EC0-301F-11D3-BF4B-00C04F79EFBC}") = "Demo.Javascript.JqWidgets", "Demo.Javascript.JqWidgets\Demo.Javascript.JqWidgets.csproj", "{F68E6A4F-559A-4CD9-A51F-EE82C2C970F0}"
EndProject
Global
	GlobalSection(SolutionConfigurationPlatforms) = preSolution
		Debug|Any CPU = Debug|Any CPU
		Release|Any CPU = Release|Any CPU
	EndGlobalSection
	GlobalSection(ProjectConfigurationPlatforms) = postSolution
		{5D4F1449-B43D-400F-ADC9-2E4386060492}.Debug|Any CPU.ActiveCfg = Debug|Any CPU
		{5D4F1449-B43D-400F-ADC9-2E4386060492}.Debug|Any CPU.Build.0 = Debug|Any CPU
		{5D4F1449-B43D-400F-ADC9-2E4386060492}.Release|Any CPU.ActiveCfg = Release|Any CPU
		{5D4F1449-B43D-400F-ADC9-2E4386060492}.Release|Any CPU.Build.0 = Release|Any CPU
		{6207BD5E-4460-405E-8846-EA1C9371E80C}.Debug|Any CPU.ActiveCfg = Debug|Any CPU
		{6207BD5E-4460-405E-8846-EA1C9371E80C}.Debug|Any CPU.Build.0 = Debug|Any CPU
		{6207BD5E-4460-405E-8846-EA1C9371E80C}.Release|Any CPU.ActiveCfg = Release|Any CPU
		{6207BD5E-4460-405E-8846-EA1C9371E80C}.Release|Any CPU.Build.0 = Release|Any CPU
		{F68E6A4F-559A-4CD9-A51F-EE82C2C970F0}.Debug|Any CPU.ActiveCfg = Debug|Any CPU
		{F68E6A4F-559A-4CD9-A51F-EE82C2C970F0}.Debug|Any CPU.Build.0 = Debug|Any CPU
		{F68E6A4F-559A-4CD9-A51F-EE82C2C970F0}.Release|Any CPU.ActiveCfg = Release|Any CPU
		{F68E6A4F-559A-4CD9-A51F-EE82C2C970F0}.Release|Any CPU.Build.0 = Release|Any CPU
	EndGlobalSection
	GlobalSection(SolutionProperties) = preSolution
		HideSolutionNode = FALSE
	EndGlobalSection
EndGlobal
